
Microsoft Visual Studio Solution File, Format Version 12.00
# Visual Studio Version 17
VisualStudioVersion = 17.4.33213.308
MinimumVisualStudioVersion = 10.0.40219.1
Project("{FAE04EC0-301F-11D3-BF4B-00C04F79EFBC}") = "WpfApp3", "WpfApp3\WpfApp3.csproj", "{F64EC4CB-07FF-4E11-B0C7-709B4E62BD97}"
EndProject
Global
	GlobalSection(SolutionConfigurationPlatforms) = preSolution
		Debug|Any CPU = Debug|Any CPU
		Release|Any CPU = Release|Any CPU
	EndGlobalSection
	GlobalSection(ProjectConfigurationPlatforms) = postSolution
		{F64EC4CB-07FF-4E11-B0C7-709B4E62BD97}.Debug|Any CPU.ActiveCfg = Debug|Any CPU
		{F64EC4CB-07FF-4E11-B0C7-709B4E62BD97}.Debug|Any CPU.Build.0 = Debug|Any CPU
		{F64EC4CB-07FF-4E11-B0C7-709B4E62BD97}.Release|Any CPU.ActiveCfg = Release|Any CPU
		{F64EC4CB-07FF-4E11-B0C7-709B4E62BD97}.Release|Any CPU.Build.0 = Release|Any CPU
	EndGlobalSection
	GlobalSection(SolutionProperties) = preSolution
		HideSolutionNode = FALSE
	EndGlobalSection
	GlobalSection(ExtensibilityGlobals) = postSolution
		SolutionGuid = {5D44054E-5DDB-4467-9CE5-39B261FDEFC0}
	EndGlobalSection
EndGlobal
